<Solution>
  <Configurations>
    <BuildType Name="Debug" />
    <BuildType Name="I18N" />
    <BuildType Name="Release" />
  </Configurations>
  <Folder Name="/Solution Items/">
    <File Path="CLAUDE.md" />
    <File Path="crowdin.yaml" />
  </Folder>
  <Project Path="AssetMenuTweaks/AssetMenuTweaks.csproj" />
</Solution>
